
Microsoft Visual Studio Solution File, Format Version 12.00
# Visual Studio Version 17
VisualStudioVersion = 17.10.34804.81
MinimumVisualStudioVersion = 10.0.40219.1
Project("{9A19103F-16F7-4668-BE54-9A1E7A4F7556}") = "WaybackDownloader", "WaybackDownloader\WaybackDownloader.csproj", "{3B46641B-7614-424E-967F-6E6D65CE3421}"
EndProject
Project("{2150E333-8FDC-42A3-9474-1A3956D46DE8}") = "Solution Items", "Solution Items", "{359B5025-B2B3-4AF9-B4B9-FDE51F4FBC6A}"
	ProjectSection(SolutionItems) = preProject
		.editorconfig = .editorconfig
		.gitattributes = .gitattributes
		.gitignore = .gitignore
		Directory.Build.props = Directory.Build.props
		Directory.Build.targets = Directory.Build.targets
		LICENSE = LICENSE
		README.md = README.md
	EndProjectSection
EndProject
Project("{9A19103F-16F7-4668-BE54-9A1E7A4F7556}") = "WaybackDownloader.Tests", "WaybackDownloader.Tests\WaybackDownloader.Tests.csproj", "{21B1BAA3-1CC9-4652-B5ED-B28FF11EA0C9}"
EndProject
Project("{2150E333-8FDC-42A3-9474-1A3956D46DE8}") = ".github", ".github", "{946C27DD-CB42-4E3F-A1D8-42537CEDFBF5}"
EndProject
Project("{2150E333-8FDC-42A3-9474-1A3956D46DE8}") = "workflows", "workflows", "{C0C489F1-82C6-4E56-AAE8-55C1AD60E141}"
	ProjectSection(SolutionItems) = preProject
		.github\workflows\build-and-test.yml = .github\workflows\build-and-test.yml
	EndProjectSection
EndProject
Global
	GlobalSection(SolutionConfigurationPlatforms) = preSolution
		Debug|Any CPU = Debug|Any CPU
		Release|Any CPU = Release|Any CPU
	EndGlobalSection
	GlobalSection(ProjectConfigurationPlatforms) = postSolution
		{3B46641B-7614-424E-967F-6E6D65CE3421}.Debug|Any CPU.ActiveCfg = Debug|Any CPU
		{3B46641B-7614-424E-967F-6E6D65CE3421}.Debug|Any CPU.Build.0 = Debug|Any CPU
		{3B46641B-7614-424E-967F-6E6D65CE3421}.Release|Any CPU.ActiveCfg = Release|Any CPU
		{3B46641B-7614-424E-967F-6E6D65CE3421}.Release|Any CPU.Build.0 = Release|Any CPU
		{21B1BAA3-1CC9-4652-B5ED-B28FF11EA0C9}.Debug|Any CPU.ActiveCfg = Debug|Any CPU
		{21B1BAA3-1CC9-4652-B5ED-B28FF11EA0C9}.Debug|Any CPU.Build.0 = Debug|Any CPU
		{21B1BAA3-1CC9-4652-B5ED-B28FF11EA0C9}.Release|Any CPU.ActiveCfg = Release|Any CPU
		{21B1BAA3-1CC9-4652-B5ED-B28FF11EA0C9}.Release|Any CPU.Build.0 = Release|Any CPU
	EndGlobalSection
	GlobalSection(SolutionProperties) = preSolution
		HideSolutionNode = FALSE
	EndGlobalSection
	GlobalSection(NestedProjects) = preSolution
		{C0C489F1-82C6-4E56-AAE8-55C1AD60E141} = {946C27DD-CB42-4E3F-A1D8-42537CEDFBF5}
	EndGlobalSection
	GlobalSection(ExtensibilityGlobals) = postSolution
		SolutionGuid = {5EAF9CEB-99CF-40E2-AF44-00F1A5A2AF3E}
	EndGlobalSection
EndGlobal
